<?xml version="1.0" encoding="utf-8"?>
<Project ToolsVersion="4.0" xmlns="http://schemas.microsoft.com/developer/msbuild/2003">
  <ItemGroup>
    <Filter Include="Source Files">
      <UniqueIdentifier>{4FC737F1-C7A5-4376-A066-2A32D752A2FF}</UniqueIdentifier>
      <Extensions>cpp;c;cc;cxx;c++;cppm;ixx;def;odl;idl;hpj;bat;asm;asmx</Extensions>
    </Filter>
    <Filter Include="Header Files">
      <UniqueIdentifier>{93995380-89BD-4b04-88EB-625FBE52EBFB}</UniqueIdentifier>
      <Extensions>h;hh;hpp;hxx;h++;hm;inl;inc;ipp;xsd</Extensions>
    </Filter>
    <Filter Include="Resource Files">
      <UniqueIdentifier>{67DA6AB6-F800-4c08-8B7A-83BB121AAD01}</UniqueIdentifier>
      <Extensions>rc;ico;cur;bmp;dlg;rc2;rct;bin;rgs;gif;jpg;jpeg;jpe;resx;tiff;tif;png;wav;mfcribbon-ms</Extensions>
    </Filter>
    <Filter Include="Inputs">
      <UniqueIdentifier>{d392a64f-1e58-4102-bccc-fc18e92fc887}</UniqueIdentifier>
    </Filter>
    <Filter Include="Game">
      <UniqueIdentifier>{5e418dbc-813f-4fdc-9479-26a63174eb1d}</UniqueIdentifier>
    </Filter>
    <Filter Include="GameStates">
      <UniqueIdentifier>{c0e86ff5-2714-463c-aa72-d8ee31d18cfb}</UniqueIdentifier>
    </Filter>
    <Filter Include="GameStates\GameScenes">
      <UniqueIdentifier>{feb8b764-2eda-4ebc-86b8-a037b3359da2}</UniqueIdentifier>
    </Filter>
    <Filter Include="GameStates\GameStates">
      <UniqueIdentifier>{4ecf22e0-6ad9-46f0-943f-94b5ea38bc23}</UniqueIdentifier>
    </Filter>
  </ItemGroup>
  <ItemGroup>
    <ClCompile Include="Inputs\InputHandler.cpp">
      <Filter>Inputs</Filter>
    </ClCompile>
    <ClCompile Include="Inputs\Keyboard.cpp">
      <Filter>Inputs</Filter>
    </ClCompile>
    <ClCompile Include="Inputs\Controller.cpp">
      <Filter>Inputs</Filter>
    </ClCompile>
    <ClCompile Include="Inputs\Event.cpp">
      <Filter>Inputs</Filter>
    </ClCompile>
    <ClCompile Include="Game\SceneManager.cpp">
      <Filter>Game</Filter>
    </ClCompile>
    <ClCompile Include="Main.cpp">
      <Filter>Game</Filter>
    </ClCompile>
    <ClCompile Include="Player\Player.cpp">
      <Filter>Source Files</Filter>
    </ClCompile>
    <ClCompile Include="GameStates\RankingScene.cpp">
      <Filter>GameStates\GameScenes</Filter>
    </ClCompile>
    <ClCompile Include="GameStates\SplashScreenScene.cpp">
      <Filter>GameStates\GameScenes</Filter>
    </ClCompile>
    <ClCompile Include="GameStates\MainMenuScene.cpp">
      <Filter>GameStates\GameScenes</Filter>
    </ClCompile>
    <ClCompile Include="GameStates\GameScene.cpp">
      <Filter>GameStates\GameScenes</Filter>
    </ClCompile>
    <ClCompile Include="GameStates\GameOverState.cpp">
      <Filter>GameStates\GameStates</Filter>
    </ClCompile>
    <ClCompile Include="GameStates\GamePausedState.cpp">
      <Filter>GameStates\GameStates</Filter>
    </ClCompile>
    <ClCompile Include="GameStates\GameRunningState.cpp">
      <Filter>GameStates\GameStates</Filter>
    </ClCompile>
  </ItemGroup>
  <ItemGroup>
    <ClInclude Include="Inputs\Event.h">
      <Filter>Inputs</Filter>
    </ClInclude>
    <ClInclude Include="Inputs\Controller.h">
      <Filter>Inputs</Filter>
    </ClInclude>
    <ClInclude Include="Inputs\InputHandler.h">
      <Filter>Inputs</Filter>
    </ClInclude>
    <ClInclude Include="Game\SceneManager.h">
      <Filter>Game</Filter>
    </ClInclude>
    <ClInclude Include="Inputs\Keyboard.h">
      <Filter>Inputs</Filter>
    </ClInclude>
    <ClInclude Include="Player\Player.h">
      <Filter>Header Files</Filter>
    </ClInclude>
    <ClInclude Include="GameStates\Scene.h">
      <Filter>GameStates\GameScenes</Filter>
    </ClInclude>
    <ClInclude Include="GameStates\SplashScreenScene.h">
      <Filter>GameStates\GameScenes</Filter>
    </ClInclude>
    <ClInclude Include="GameStates\RankingScene.h">
      <Filter>GameStates\GameScenes</Filter>
    </ClInclude>
    <ClInclude Include="GameStates\MainMenuScene.h">
      <Filter>GameStates\GameScenes</Filter>
    </ClInclude>
    <ClInclude Include="GameStates\GameScene.h">
      <Filter>GameStates\GameScenes</Filter>
    </ClInclude>
    <ClInclude Include="GameStates\GamePausedState.h">
      <Filter>GameStates\GameStates</Filter>
    </ClInclude>
    <ClInclude Include="GameStates\GameOverState.h">
      <Filter>GameStates\GameStates</Filter>
    </ClInclude>
    <ClInclude Include="GameStates\GameState.h">
      <Filter>GameStates\GameStates</Filter>
    </ClInclude>
    <ClInclude Include="GameStates\GameRunningState.h">
      <Filter>GameStates\GameStates</Filter>
    </ClInclude>
  </ItemGroup>
</Project>